
Microsoft Visual Studio Solution File, Format Version 12.00
# Visual Studio Version 16
VisualStudioVersion = 16.0.30309.148
MinimumVisualStudioVersion = 10.0.40219.1
Project("{9A19103F-16F7-4668-BE54-9A1E7A4F7556}") = "DotNetCoreWebApi", "DotNetCoreWebApi.csproj", "{CAB48DD0-DAA3-42A6-8930-ED7D732BC8D4}"
EndProject
Global
	GlobalSection(SolutionConfigurationPlatforms) = preSolution
		Debug|Any CPU = Debug|Any CPU
		Release|Any CPU = Release|Any CPU
	EndGlobalSection
	GlobalSection(ProjectConfigurationPlatforms) = postSolution
		{CAB48DD0-DAA3-42A6-8930-ED7D732BC8D4}.Debug|Any CPU.ActiveCfg = Debug|Any CPU
		{CAB48DD0-DAA3-42A6-8930-ED7D732BC8D4}.Debug|Any CPU.Build.0 = Debug|Any CPU
		{CAB48DD0-DAA3-42A6-8930-ED7D732BC8D4}.Release|Any CPU.ActiveCfg = Release|Any CPU
		{CAB48DD0-DAA3-42A6-8930-ED7D732BC8D4}.Release|Any CPU.Build.0 = Release|Any CPU
	EndGlobalSection
	GlobalSection(SolutionProperties) = preSolution
		HideSolutionNode = FALSE
	EndGlobalSection
	GlobalSection(ExtensibilityGlobals) = postSolution
		SolutionGuid = {48A91D3C-015C-40E1-AC3F-2DC50C8A192E}
	EndGlobalSection
EndGlobal
